{
  "originHash" : "8f49a1b29d7cadb4d43471e1e506cecfee719feb88b7717c7913a5563d137b4d",
  "pins" : [
    {
      "identity" : "kingfisher?fbclid=iwar16yvgx8w_mtqbbw4npggk-3tfdsomyxwimqfkhhnl78xim5zznd6xnv2u",
      "kind" : "remoteSourceControl",
      "location" : "https://github.com/onevcat/Kingfisher?fbclid=IwAR16YVgx8W_MtqBbW4NpgGk-3TfDsOMYXwImqfKhhNl78xim5ZZnd6Xnv2U",
      "state" : {
        "revision" : "5b92f029fab2cce44386d28588098b5be0824ef5",
        "version" : "7.11.0"
      }
    }
  ],
  "version" : 3
}
